{
  "originHash" : "d7975a769447b7786bf756ebb3eb72aac0b1ea6b0c42b0af769107af55295428",
  "pins" : [
    {
      "identity" : "eventsource",
      "kind" : "remoteSourceControl",
      "location" : "https://github.com/loopwork-ai/eventsource.git",
      "state" : {
        "revision" : "ca2a9d90cbe49e09b92f4b6ebd922c03ebea51d0",
        "version" : "1.3.0"
      }
    },
    {
      "identity" : "mcp-swift-sdk",
      "kind" : "remoteSourceControl",
      "location" : "https://github.com/glaciotech/mcp-swift-sdk.git",
      "state" : {
        "revision" : "0a31ddeba909db479cc1efb4d744496f87f70eda",
        "version" : "0.9.1"
      }
    },
    {
      "identity" : "mcp-swift-sdk-helpers",
      "kind" : "remoteSourceControl",
      "location" : "https://github.com/glaciotech/mcp-swift-sdk-helpers.git",
      "state" : {
        "revision" : "ccd7b13cb5f67e3dce99d9abc4f103bed774e77d",
        "version" : "0.2.1"
      }
    },
    {
      "identity" : "swift-async-algorithms",
      "kind" : "remoteSourceControl",
      "location" : "https://github.com/apple/swift-async-algorithms.git",
      "state" : {
        "revision" : "2971dd5d9f6e0515664b01044826bcea16e59fac",
        "version" : "1.1.2"
      }
    },
    {
      "identity" : "swift-collections",
      "kind" : "remoteSourceControl",
      "location" : "https://github.com/apple/swift-collections.git",
      "state" : {
        "revision" : "7b847a3b7008b2dc2f47ca3110d8c782fb2e5c7e",
        "version" : "1.3.0"
      }
    },
    {
      "identity" : "swift-log",
      "kind" : "remoteSourceControl",
      "location" : "https://github.com/apple/swift-log.git",
      "state" : {
        "revision" : "2778fd4e5a12a8aaa30a3ee8285f4ce54c5f3181",
        "version" : "1.9.1"
      }
    },
    {
      "identity" : "swift-service-lifecycle",
      "kind" : "remoteSourceControl",
      "location" : "https://github.com/swift-server/swift-service-lifecycle.git",
      "state" : {
        "revision" : "1de37290c0ab3c5a96028e0f02911b672fd42348",
        "version" : "2.9.1"
      }
    },
    {
      "identity" : "swift-system",
      "kind" : "remoteSourceControl",
      "location" : "https://github.com/apple/swift-system.git",
      "state" : {
        "revision" : "7c6ad0fc39d0763e0b699210e4124afd5041c5df",
        "version" : "1.6.4"
      }
    },
    {
      "identity" : "swifty-json-schema",
      "kind" : "remoteSourceControl",
      "location" : "https://github.com/ptliddle/swifty-json-schema.git",
      "state" : {
        "revision" : "cfc92524002837d32614eac51f4cc44e07e75b65",
        "version" : "0.3.0"
      }
    }
  ],
  "version" : 3
}
